
Microsoft Visual Studio Solution File, Format Version 12.00
# Visual Studio Version 17
VisualStudioVersion = 17.7.34018.315
MinimumVisualStudioVersion = 10.0.40219.1
Project("{FAE04EC0-301F-11D3-BF4B-00C04F79EFBC}") = "kate-vb", "kate-vb\kate-vb.csproj", "{3228BAC9-488A-4F64-8AC2-FB1939F1A603}"
EndProject
Global
	GlobalSection(SolutionConfigurationPlatforms) = preSolution
		Debug|Any CPU = Debug|Any CPU
		Release|Any CPU = Release|Any CPU
	EndGlobalSection
	GlobalSection(ProjectConfigurationPlatforms) = postSolution
		{3228BAC9-488A-4F64-8AC2-FB1939F1A603}.Debug|Any CPU.ActiveCfg = Debug|Any CPU
		{3228BAC9-488A-4F64-8AC2-FB1939F1A603}.Debug|Any CPU.Build.0 = Debug|Any CPU
		{3228BAC9-488A-4F64-8AC2-FB1939F1A603}.Release|Any CPU.ActiveCfg = Release|Any CPU
		{3228BAC9-488A-4F64-8AC2-FB1939F1A603}.Release|Any CPU.Build.0 = Release|Any CPU
	EndGlobalSection
	GlobalSection(SolutionProperties) = preSolution
		HideSolutionNode = FALSE
	EndGlobalSection
	GlobalSection(ExtensibilityGlobals) = postSolution
		SolutionGuid = {DFD01616-8357-4513-BEA2-F94DAEE222D3}
	EndGlobalSection
EndGlobal
